<?xml version="1.0" encoding="UTF-8" standalone="yes" ?>
<CodeBlocks_project_file>
	<FileVersion major="1" minor="6" />
	<Project>
		<Option title="Tribe" />
		<Option pch_mode="2" />
		<Option compiler="gcc" />
		<Build>
			<Target title="Debug">
				<Option output="bin/Debug/Tribe" prefix_auto="1" extension_auto="1" />
				<Option object_output="obj/Debug/" />
				<Option type="1" />
				<Option compiler="gcc" />
				<Compiler>
					<Add option="-g" />
					<Add directory="SDLwrapper" />
					<Add directory="Utils" />
					<Add directory="Entity" />
					<Add directory="Entity/Unit" />
				</Compiler>
			</Target>
			<Target title="Release">
				<Option output="bin/Release/Tribe" prefix_auto="1" extension_auto="1" />
				<Option object_output="obj/Release/" />
				<Option type="1" />
				<Option compiler="gcc" />
				<Compiler>
					<Add option="-O2" />
					<Add directory="SDLwrapper" />
					<Add directory="Utils" />
					<Add directory="Entity" />
					<Add directory="Entity/Unit" />
				</Compiler>
				<Linker>
					<Add option="-s" />
				</Linker>
			</Target>
		</Build>
		<Compiler>
			<Add option="-Wall" />
			<Add option="-fexceptions" />
			<Add directory="E:/C++/SDL/SDL2-2.0.5/i686-w64-mingw32/include/SDL2" />
			<Add directory="E:/C++/SDL/SDL2_image-2.0.1/i686-w64-mingw32/include/SDL2" />
		</Compiler>
		<Linker>
			<Add option="-lmingw32 -lSDL2main -lSDL2 -lSDL2_image -mwindows" />
			<Add directory="E:/C++/SDL/SDL2-2.0.5/i686-w64-mingw32/lib" />
			<Add directory="E:/C++/SDL/SDL2_image-2.0.1/i686-w64-mingw32/lib" />
		</Linker>
		<Unit filename="Entity/LocationData.cpp" />
		<Unit filename="Entity/LocationData.h" />
		<Unit filename="Entity/LocationScreen.cpp" />
		<Unit filename="Entity/LocationScreen.h" />
		<Unit filename="Entity/LocationScreenMover.cpp" />
		<Unit filename="Entity/LocationScreenMover.h" />
		<Unit filename="Entity/Unit/AmmunitionItem.cpp" />
		<Unit filename="Entity/Unit/AmmunitionItem.h" />
		<Unit filename="Entity/Unit/Container.cpp" />
		<Unit filename="Entity/Unit/Container.h" />
		<Unit filename="Entity/Unit/Unit.cpp" />
		<Unit filename="Entity/Unit/Unit.h" />
		<Unit filename="Entity/UnitsHolder.cpp" />
		<Unit filename="Entity/UnitsHolder.h" />
		<Unit filename="GlobalValues.cpp" />
		<Unit filename="GlobalValues.h" />
		<Unit filename="SDLwrapper/Animation.cpp" />
		<Unit filename="SDLwrapper/Animation.h" />
		<Unit filename="SDLwrapper/AnimationData.cpp" />
		<Unit filename="SDLwrapper/AnimationData.h" />
		<Unit filename="SDLwrapper/Image.cpp" />
		<Unit filename="SDLwrapper/Image.h" />
		<Unit filename="SDLwrapper/Timer.cpp" />
		<Unit filename="SDLwrapper/Timer.h" />
		<Unit filename="Utils/CoordsTranformer.cpp" />
		<Unit filename="Utils/CoordsTranformer.h" />
		<Unit filename="Utils/FileReader.cpp" />
		<Unit filename="Utils/FileReader.h" />
		<Unit filename="Utils/Logger.cpp" />
		<Unit filename="Utils/Logger.h" />
		<Unit filename="main.cpp" />
		<Extensions>
			<code_completion />
			<debugger />
		</Extensions>
	</Project>
</CodeBlocks_project_file>
